
Microsoft Visual Studio Solution File, Format Version 12.00
# Visual Studio Version 16
VisualStudioVersion = 16.0.30621.155
MinimumVisualStudioVersion = 10.0.40219.1
Project("{FAE04EC0-301F-11D3-BF4B-00C04F79EFBC}") = "Family", "Family\Family.csproj", "{0217191D-29EE-49CA-BA09-C0B45954333D}"
EndProject
Global
	GlobalSection(SolutionConfigurationPlatforms) = preSolution
		Debug|Any CPU = Debug|Any CPU
		Release|Any CPU = Release|Any CPU
	EndGlobalSection
	GlobalSection(ProjectConfigurationPlatforms) = postSolution
		{0217191D-29EE-49CA-BA09-C0B45954333D}.Debug|Any CPU.ActiveCfg = Debug|Any CPU
		{0217191D-29EE-49CA-BA09-C0B45954333D}.Debug|Any CPU.Build.0 = Debug|Any CPU
		{0217191D-29EE-49CA-BA09-C0B45954333D}.Release|Any CPU.ActiveCfg = Release|Any CPU
		{0217191D-29EE-49CA-BA09-C0B45954333D}.Release|Any CPU.Build.0 = Release|Any CPU
	EndGlobalSection
	GlobalSection(SolutionProperties) = preSolution
		HideSolutionNode = FALSE
	EndGlobalSection
	GlobalSection(ExtensibilityGlobals) = postSolution
		SolutionGuid = {30507D91-4398-438B-AFF1-DF5E650927ED}
	EndGlobalSection
EndGlobal
