
Microsoft Visual Studio Solution File, Format Version 12.00
# Visual Studio Version 16
VisualStudioVersion = 16.0.31605.320
MinimumVisualStudioVersion = 10.0.40219.1
Project("{FAE04EC0-301F-11D3-BF4B-00C04F79EFBC}") = "zad1", "zad1\zad1.csproj", "{20209E3F-70EB-4EF1-8B9F-816878E14EE9}"
EndProject
Project("{FAE04EC0-301F-11D3-BF4B-00C04F79EFBC}") = "zad2", "zad2\zad2.csproj", "{55B853A2-DF8D-4BA1-9E7B-B8F96C796FF7}"
EndProject
Global
	GlobalSection(SolutionConfigurationPlatforms) = preSolution
		Debug|Any CPU = Debug|Any CPU
		Release|Any CPU = Release|Any CPU
	EndGlobalSection
	GlobalSection(ProjectConfigurationPlatforms) = postSolution
		{20209E3F-70EB-4EF1-8B9F-816878E14EE9}.Debug|Any CPU.ActiveCfg = Debug|Any CPU
		{20209E3F-70EB-4EF1-8B9F-816878E14EE9}.Debug|Any CPU.Build.0 = Debug|Any CPU
		{20209E3F-70EB-4EF1-8B9F-816878E14EE9}.Release|Any CPU.ActiveCfg = Release|Any CPU
		{20209E3F-70EB-4EF1-8B9F-816878E14EE9}.Release|Any CPU.Build.0 = Release|Any CPU
		{55B853A2-DF8D-4BA1-9E7B-B8F96C796FF7}.Debug|Any CPU.ActiveCfg = Debug|Any CPU
		{55B853A2-DF8D-4BA1-9E7B-B8F96C796FF7}.Debug|Any CPU.Build.0 = Debug|Any CPU
		{55B853A2-DF8D-4BA1-9E7B-B8F96C796FF7}.Release|Any CPU.ActiveCfg = Release|Any CPU
		{55B853A2-DF8D-4BA1-9E7B-B8F96C796FF7}.Release|Any CPU.Build.0 = Release|Any CPU
	EndGlobalSection
	GlobalSection(SolutionProperties) = preSolution
		HideSolutionNode = FALSE
	EndGlobalSection
	GlobalSection(ExtensibilityGlobals) = postSolution
		SolutionGuid = {2683710B-CB4F-4708-9BD8-D40C25597CFF}
	EndGlobalSection
EndGlobal
