
Microsoft Visual Studio Solution File, Format Version 12.00
# Visual Studio Version 16
VisualStudioVersion = 16.0.31605.320
MinimumVisualStudioVersion = 10.0.40219.1
Project("{FAE04EC0-301F-11D3-BF4B-00C04F79EFBC}") = "1zad", "1zad\1zad.csproj", "{7A61AD84-E63C-4411-9C10-4116B66EA92F}"
EndProject
Project("{FAE04EC0-301F-11D3-BF4B-00C04F79EFBC}") = "2zad", "2zad\2zad.csproj", "{C9238846-3286-4B75-9846-92CB631AA993}"
EndProject
Global
	GlobalSection(SolutionConfigurationPlatforms) = preSolution
		Debug|Any CPU = Debug|Any CPU
		Release|Any CPU = Release|Any CPU
	EndGlobalSection
	GlobalSection(ProjectConfigurationPlatforms) = postSolution
		{7A61AD84-E63C-4411-9C10-4116B66EA92F}.Debug|Any CPU.ActiveCfg = Debug|Any CPU
		{7A61AD84-E63C-4411-9C10-4116B66EA92F}.Debug|Any CPU.Build.0 = Debug|Any CPU
		{7A61AD84-E63C-4411-9C10-4116B66EA92F}.Release|Any CPU.ActiveCfg = Release|Any CPU
		{7A61AD84-E63C-4411-9C10-4116B66EA92F}.Release|Any CPU.Build.0 = Release|Any CPU
		{C9238846-3286-4B75-9846-92CB631AA993}.Debug|Any CPU.ActiveCfg = Debug|Any CPU
		{C9238846-3286-4B75-9846-92CB631AA993}.Debug|Any CPU.Build.0 = Debug|Any CPU
		{C9238846-3286-4B75-9846-92CB631AA993}.Release|Any CPU.ActiveCfg = Release|Any CPU
		{C9238846-3286-4B75-9846-92CB631AA993}.Release|Any CPU.Build.0 = Release|Any CPU
	EndGlobalSection
	GlobalSection(SolutionProperties) = preSolution
		HideSolutionNode = FALSE
	EndGlobalSection
	GlobalSection(ExtensibilityGlobals) = postSolution
		SolutionGuid = {875E22FF-5F2E-4020-81AF-DD62CC7F1D93}
	EndGlobalSection
EndGlobal
