
Microsoft Visual Studio Solution File, Format Version 12.00
# Visual Studio Version 16
VisualStudioVersion = 16.0.31605.320
MinimumVisualStudioVersion = 10.0.40219.1
Project("{FAE04EC0-301F-11D3-BF4B-00C04F79EFBC}") = "Preizpolzvane_na_klasove", "Preizpolzvane_na_klasove\Preizpolzvane_na_klasove.csproj", "{CD34FDC8-0575-49EF-86AE-80B3B3464ACC}"
EndProject
Project("{FAE04EC0-301F-11D3-BF4B-00C04F79EFBC}") = "2", "2\2.csproj", "{44F1C57D-E394-4CA2-8D88-AACEB4B4F48A}"
EndProject
Global
	GlobalSection(SolutionConfigurationPlatforms) = preSolution
		Debug|Any CPU = Debug|Any CPU
		Release|Any CPU = Release|Any CPU
	EndGlobalSection
	GlobalSection(ProjectConfigurationPlatforms) = postSolution
		{CD34FDC8-0575-49EF-86AE-80B3B3464ACC}.Debug|Any CPU.ActiveCfg = Debug|Any CPU
		{CD34FDC8-0575-49EF-86AE-80B3B3464ACC}.Debug|Any CPU.Build.0 = Debug|Any CPU
		{CD34FDC8-0575-49EF-86AE-80B3B3464ACC}.Release|Any CPU.ActiveCfg = Release|Any CPU
		{CD34FDC8-0575-49EF-86AE-80B3B3464ACC}.Release|Any CPU.Build.0 = Release|Any CPU
		{44F1C57D-E394-4CA2-8D88-AACEB4B4F48A}.Debug|Any CPU.ActiveCfg = Debug|Any CPU
		{44F1C57D-E394-4CA2-8D88-AACEB4B4F48A}.Debug|Any CPU.Build.0 = Debug|Any CPU
		{44F1C57D-E394-4CA2-8D88-AACEB4B4F48A}.Release|Any CPU.ActiveCfg = Release|Any CPU
		{44F1C57D-E394-4CA2-8D88-AACEB4B4F48A}.Release|Any CPU.Build.0 = Release|Any CPU
	EndGlobalSection
	GlobalSection(SolutionProperties) = preSolution
		HideSolutionNode = FALSE
	EndGlobalSection
	GlobalSection(ExtensibilityGlobals) = postSolution
		SolutionGuid = {5241CE72-5039-43D3-A851-13473A105754}
	EndGlobalSection
EndGlobal
