
Microsoft Visual Studio Solution File, Format Version 12.00
# Visual Studio Version 17
VisualStudioVersion = 17.0.32112.339
MinimumVisualStudioVersion = 10.0.40219.1
Project("{9A19103F-16F7-4668-BE54-9A1E7A4F7556}") = "zad1", "zad1\zad1.csproj", "{41E90F40-6EF5-4015-83B6-3CCA3AD52AC2}"
EndProject
Project("{FAE04EC0-301F-11D3-BF4B-00C04F79EFBC}") = "zad3", "zad3\zad3.csproj", "{2DC67C83-499F-487B-8324-1DD13964F4BF}"
EndProject
Project("{FAE04EC0-301F-11D3-BF4B-00C04F79EFBC}") = "zad4", "zad4\zad4.csproj", "{90367F92-DF3A-4ED6-A0E5-2A85D70F22CB}"
EndProject
Global
	GlobalSection(SolutionConfigurationPlatforms) = preSolution
		Debug|Any CPU = Debug|Any CPU
		Release|Any CPU = Release|Any CPU
	EndGlobalSection
	GlobalSection(ProjectConfigurationPlatforms) = postSolution
		{41E90F40-6EF5-4015-83B6-3CCA3AD52AC2}.Debug|Any CPU.ActiveCfg = Debug|Any CPU
		{41E90F40-6EF5-4015-83B6-3CCA3AD52AC2}.Debug|Any CPU.Build.0 = Debug|Any CPU
		{41E90F40-6EF5-4015-83B6-3CCA3AD52AC2}.Release|Any CPU.ActiveCfg = Release|Any CPU
		{41E90F40-6EF5-4015-83B6-3CCA3AD52AC2}.Release|Any CPU.Build.0 = Release|Any CPU
		{2DC67C83-499F-487B-8324-1DD13964F4BF}.Debug|Any CPU.ActiveCfg = Debug|Any CPU
		{2DC67C83-499F-487B-8324-1DD13964F4BF}.Debug|Any CPU.Build.0 = Debug|Any CPU
		{2DC67C83-499F-487B-8324-1DD13964F4BF}.Release|Any CPU.ActiveCfg = Release|Any CPU
		{2DC67C83-499F-487B-8324-1DD13964F4BF}.Release|Any CPU.Build.0 = Release|Any CPU
		{90367F92-DF3A-4ED6-A0E5-2A85D70F22CB}.Debug|Any CPU.ActiveCfg = Debug|Any CPU
		{90367F92-DF3A-4ED6-A0E5-2A85D70F22CB}.Debug|Any CPU.Build.0 = Debug|Any CPU
		{90367F92-DF3A-4ED6-A0E5-2A85D70F22CB}.Release|Any CPU.ActiveCfg = Release|Any CPU
		{90367F92-DF3A-4ED6-A0E5-2A85D70F22CB}.Release|Any CPU.Build.0 = Release|Any CPU
	EndGlobalSection
	GlobalSection(SolutionProperties) = preSolution
		HideSolutionNode = FALSE
	EndGlobalSection
	GlobalSection(ExtensibilityGlobals) = postSolution
		SolutionGuid = {106413B8-F081-4D32-B1FA-7587FC2A8EF1}
	EndGlobalSection
EndGlobal
