
Microsoft Visual Studio Solution File, Format Version 12.00
# Visual Studio Version 16
VisualStudioVersion = 16.0.30621.155
MinimumVisualStudioVersion = 10.0.40219.1
Project("{FAE04EC0-301F-11D3-BF4B-00C04F79EFBC}") = "10_1-1", "10_1-1\10_1-1.csproj", "{1B119FDD-4F99-400F-9244-3F0FE130DBEB}"
EndProject
Global
	GlobalSection(SolutionConfigurationPlatforms) = preSolution
		Debug|Any CPU = Debug|Any CPU
		Release|Any CPU = Release|Any CPU
	EndGlobalSection
	GlobalSection(ProjectConfigurationPlatforms) = postSolution
		{1B119FDD-4F99-400F-9244-3F0FE130DBEB}.Debug|Any CPU.ActiveCfg = Debug|Any CPU
		{1B119FDD-4F99-400F-9244-3F0FE130DBEB}.Debug|Any CPU.Build.0 = Debug|Any CPU
		{1B119FDD-4F99-400F-9244-3F0FE130DBEB}.Release|Any CPU.ActiveCfg = Release|Any CPU
		{1B119FDD-4F99-400F-9244-3F0FE130DBEB}.Release|Any CPU.Build.0 = Release|Any CPU
	EndGlobalSection
	GlobalSection(SolutionProperties) = preSolution
		HideSolutionNode = FALSE
	EndGlobalSection
	GlobalSection(ExtensibilityGlobals) = postSolution
		SolutionGuid = {FDD6CBA2-7649-4B0A-AF15-1BB4E7741E91}
	EndGlobalSection
EndGlobal
