
Microsoft Visual Studio Solution File, Format Version 12.00
# Visual Studio Version 16
VisualStudioVersion = 16.0.30621.155
MinimumVisualStudioVersion = 10.0.40219.1
Project("{FAE04EC0-301F-11D3-BF4B-00C04F79EFBC}") = "15-2", "15-2\15-2.csproj", "{2526C2F9-80B8-47AA-B4BD-CDF06BBD777A}"
EndProject
Global
	GlobalSection(SolutionConfigurationPlatforms) = preSolution
		Debug|Any CPU = Debug|Any CPU
		Release|Any CPU = Release|Any CPU
	EndGlobalSection
	GlobalSection(ProjectConfigurationPlatforms) = postSolution
		{2526C2F9-80B8-47AA-B4BD-CDF06BBD777A}.Debug|Any CPU.ActiveCfg = Debug|Any CPU
		{2526C2F9-80B8-47AA-B4BD-CDF06BBD777A}.Debug|Any CPU.Build.0 = Debug|Any CPU
		{2526C2F9-80B8-47AA-B4BD-CDF06BBD777A}.Release|Any CPU.ActiveCfg = Release|Any CPU
		{2526C2F9-80B8-47AA-B4BD-CDF06BBD777A}.Release|Any CPU.Build.0 = Release|Any CPU
	EndGlobalSection
	GlobalSection(SolutionProperties) = preSolution
		HideSolutionNode = FALSE
	EndGlobalSection
	GlobalSection(ExtensibilityGlobals) = postSolution
		SolutionGuid = {9246F8B9-A014-44C3-890E-EC597961F3CC}
	EndGlobalSection
EndGlobal
