
Microsoft Visual Studio Solution File, Format Version 12.00
# Visual Studio Version 16
VisualStudioVersion = 16.0.30621.155
MinimumVisualStudioVersion = 10.0.40219.1
Project("{FAE04EC0-301F-11D3-BF4B-00C04F79EFBC}") = "08_5zad", "08_5zad\08_5zad.csproj", "{B860F00D-3165-4F44-9C1E-53458DCBF067}"
EndProject
Global
	GlobalSection(SolutionConfigurationPlatforms) = preSolution
		Debug|Any CPU = Debug|Any CPU
		Release|Any CPU = Release|Any CPU
	EndGlobalSection
	GlobalSection(ProjectConfigurationPlatforms) = postSolution
		{B860F00D-3165-4F44-9C1E-53458DCBF067}.Debug|Any CPU.ActiveCfg = Debug|Any CPU
		{B860F00D-3165-4F44-9C1E-53458DCBF067}.Debug|Any CPU.Build.0 = Debug|Any CPU
		{B860F00D-3165-4F44-9C1E-53458DCBF067}.Release|Any CPU.ActiveCfg = Release|Any CPU
		{B860F00D-3165-4F44-9C1E-53458DCBF067}.Release|Any CPU.Build.0 = Release|Any CPU
	EndGlobalSection
	GlobalSection(SolutionProperties) = preSolution
		HideSolutionNode = FALSE
	EndGlobalSection
	GlobalSection(ExtensibilityGlobals) = postSolution
		SolutionGuid = {2240B7B0-73E3-402C-98D9-4672DE52AA8F}
	EndGlobalSection
EndGlobal
