
Microsoft Visual Studio Solution File, Format Version 12.00
# Visual Studio Version 16
VisualStudioVersion = 16.0.31605.320
MinimumVisualStudioVersion = 10.0.40219.1
Project("{FAE04EC0-301F-11D3-BF4B-00C04F79EFBC}") = "Store System", "Store System\Store System.csproj", "{53568C06-55B2-4C64-BE87-53EAE38AC8BB}"
EndProject
Global
	GlobalSection(SolutionConfigurationPlatforms) = preSolution
		Debug|Any CPU = Debug|Any CPU
		Release|Any CPU = Release|Any CPU
	EndGlobalSection
	GlobalSection(ProjectConfigurationPlatforms) = postSolution
		{53568C06-55B2-4C64-BE87-53EAE38AC8BB}.Debug|Any CPU.ActiveCfg = Debug|Any CPU
		{53568C06-55B2-4C64-BE87-53EAE38AC8BB}.Debug|Any CPU.Build.0 = Debug|Any CPU
		{53568C06-55B2-4C64-BE87-53EAE38AC8BB}.Release|Any CPU.ActiveCfg = Release|Any CPU
		{53568C06-55B2-4C64-BE87-53EAE38AC8BB}.Release|Any CPU.Build.0 = Release|Any CPU
	EndGlobalSection
	GlobalSection(SolutionProperties) = preSolution
		HideSolutionNode = FALSE
	EndGlobalSection
	GlobalSection(ExtensibilityGlobals) = postSolution
		SolutionGuid = {116CDEE0-EB37-4791-8DD6-F51B06CC931F}
	EndGlobalSection
EndGlobal
