
Microsoft Visual Studio Solution File, Format Version 12.00
# Visual Studio Version 16
VisualStudioVersion = 16.0.30621.155
MinimumVisualStudioVersion = 10.0.40219.1
Project("{FAE04EC0-301F-11D3-BF4B-00C04F79EFBC}") = "16-2", "16-2\16-2.csproj", "{8C7B9677-9DCF-4B7C-9499-3ED06F574241}"
EndProject
Global
	GlobalSection(SolutionConfigurationPlatforms) = preSolution
		Debug|Any CPU = Debug|Any CPU
		Release|Any CPU = Release|Any CPU
	EndGlobalSection
	GlobalSection(ProjectConfigurationPlatforms) = postSolution
		{8C7B9677-9DCF-4B7C-9499-3ED06F574241}.Debug|Any CPU.ActiveCfg = Debug|Any CPU
		{8C7B9677-9DCF-4B7C-9499-3ED06F574241}.Debug|Any CPU.Build.0 = Debug|Any CPU
		{8C7B9677-9DCF-4B7C-9499-3ED06F574241}.Release|Any CPU.ActiveCfg = Release|Any CPU
		{8C7B9677-9DCF-4B7C-9499-3ED06F574241}.Release|Any CPU.Build.0 = Release|Any CPU
	EndGlobalSection
	GlobalSection(SolutionProperties) = preSolution
		HideSolutionNode = FALSE
	EndGlobalSection
	GlobalSection(ExtensibilityGlobals) = postSolution
		SolutionGuid = {D0EFE819-3C65-4496-859A-C9CE7EE605B2}
	EndGlobalSection
EndGlobal
