
Microsoft Visual Studio Solution File, Format Version 12.00
# Visual Studio Version 16
VisualStudioVersion = 16.0.30621.155
MinimumVisualStudioVersion = 10.0.40219.1
Project("{FAE04EC0-301F-11D3-BF4B-00C04F79EFBC}") = "Train", "Train\Train.csproj", "{0FFFDC59-391B-4153-84FA-BD36D1F0242D}"
EndProject
Global
	GlobalSection(SolutionConfigurationPlatforms) = preSolution
		Debug|Any CPU = Debug|Any CPU
		Release|Any CPU = Release|Any CPU
	EndGlobalSection
	GlobalSection(ProjectConfigurationPlatforms) = postSolution
		{0FFFDC59-391B-4153-84FA-BD36D1F0242D}.Debug|Any CPU.ActiveCfg = Debug|Any CPU
		{0FFFDC59-391B-4153-84FA-BD36D1F0242D}.Debug|Any CPU.Build.0 = Debug|Any CPU
		{0FFFDC59-391B-4153-84FA-BD36D1F0242D}.Release|Any CPU.ActiveCfg = Release|Any CPU
		{0FFFDC59-391B-4153-84FA-BD36D1F0242D}.Release|Any CPU.Build.0 = Release|Any CPU
	EndGlobalSection
	GlobalSection(SolutionProperties) = preSolution
		HideSolutionNode = FALSE
	EndGlobalSection
	GlobalSection(ExtensibilityGlobals) = postSolution
		SolutionGuid = {F48F6788-B8D4-4B3C-BAA2-EB7EEE6326A5}
	EndGlobalSection
EndGlobal
