
Microsoft Visual Studio Solution File, Format Version 12.00
# Visual Studio Version 16
VisualStudioVersion = 16.0.30621.155
MinimumVisualStudioVersion = 10.0.40219.1
Project("{FAE04EC0-301F-11D3-BF4B-00C04F79EFBC}") = "07-3", "07-3\07-3.csproj", "{2BA06D2C-5F2A-49E9-B0F2-B765ADF3004E}"
EndProject
Global
	GlobalSection(SolutionConfigurationPlatforms) = preSolution
		Debug|Any CPU = Debug|Any CPU
		Release|Any CPU = Release|Any CPU
	EndGlobalSection
	GlobalSection(ProjectConfigurationPlatforms) = postSolution
		{2BA06D2C-5F2A-49E9-B0F2-B765ADF3004E}.Debug|Any CPU.ActiveCfg = Debug|Any CPU
		{2BA06D2C-5F2A-49E9-B0F2-B765ADF3004E}.Debug|Any CPU.Build.0 = Debug|Any CPU
		{2BA06D2C-5F2A-49E9-B0F2-B765ADF3004E}.Release|Any CPU.ActiveCfg = Release|Any CPU
		{2BA06D2C-5F2A-49E9-B0F2-B765ADF3004E}.Release|Any CPU.Build.0 = Release|Any CPU
	EndGlobalSection
	GlobalSection(SolutionProperties) = preSolution
		HideSolutionNode = FALSE
	EndGlobalSection
	GlobalSection(ExtensibilityGlobals) = postSolution
		SolutionGuid = {F5D3D623-5F7E-4BB7-96DC-9B9B7D611CB8}
	EndGlobalSection
EndGlobal
