
Microsoft Visual Studio Solution File, Format Version 12.00
# Visual Studio Version 16
VisualStudioVersion = 16.0.30621.155
MinimumVisualStudioVersion = 10.0.40219.1
Project("{FAE04EC0-301F-11D3-BF4B-00C04F79EFBC}") = "10_2-2", "10_2-2\10_2-2.csproj", "{B4F58587-1A4F-4D16-8665-D3369474E7CC}"
EndProject
Global
	GlobalSection(SolutionConfigurationPlatforms) = preSolution
		Debug|Any CPU = Debug|Any CPU
		Release|Any CPU = Release|Any CPU
	EndGlobalSection
	GlobalSection(ProjectConfigurationPlatforms) = postSolution
		{B4F58587-1A4F-4D16-8665-D3369474E7CC}.Debug|Any CPU.ActiveCfg = Debug|Any CPU
		{B4F58587-1A4F-4D16-8665-D3369474E7CC}.Debug|Any CPU.Build.0 = Debug|Any CPU
		{B4F58587-1A4F-4D16-8665-D3369474E7CC}.Release|Any CPU.ActiveCfg = Release|Any CPU
		{B4F58587-1A4F-4D16-8665-D3369474E7CC}.Release|Any CPU.Build.0 = Release|Any CPU
	EndGlobalSection
	GlobalSection(SolutionProperties) = preSolution
		HideSolutionNode = FALSE
	EndGlobalSection
	GlobalSection(ExtensibilityGlobals) = postSolution
		SolutionGuid = {98BFE96F-DDD9-42B7-8DA5-77CF9CA2F934}
	EndGlobalSection
EndGlobal
