
Microsoft Visual Studio Solution File, Format Version 12.00
# Visual Studio Version 16
VisualStudioVersion = 16.0.30621.155
MinimumVisualStudioVersion = 10.0.40219.1
Project("{FAE04EC0-301F-11D3-BF4B-00C04F79EFBC}") = "03-3", "03-3\03-3.csproj", "{1F8E02DB-3ECF-4599-B5D8-CE430AD090FE}"
EndProject
Global
	GlobalSection(SolutionConfigurationPlatforms) = preSolution
		Debug|Any CPU = Debug|Any CPU
		Release|Any CPU = Release|Any CPU
	EndGlobalSection
	GlobalSection(ProjectConfigurationPlatforms) = postSolution
		{1F8E02DB-3ECF-4599-B5D8-CE430AD090FE}.Debug|Any CPU.ActiveCfg = Debug|Any CPU
		{1F8E02DB-3ECF-4599-B5D8-CE430AD090FE}.Debug|Any CPU.Build.0 = Debug|Any CPU
		{1F8E02DB-3ECF-4599-B5D8-CE430AD090FE}.Release|Any CPU.ActiveCfg = Release|Any CPU
		{1F8E02DB-3ECF-4599-B5D8-CE430AD090FE}.Release|Any CPU.Build.0 = Release|Any CPU
	EndGlobalSection
	GlobalSection(SolutionProperties) = preSolution
		HideSolutionNode = FALSE
	EndGlobalSection
	GlobalSection(ExtensibilityGlobals) = postSolution
		SolutionGuid = {03AB7934-8F7B-4D08-88DE-8CF2EBF304E1}
	EndGlobalSection
EndGlobal
