
Microsoft Visual Studio Solution File, Format Version 12.00
# Visual Studio Version 16
VisualStudioVersion = 16.0.31605.320
MinimumVisualStudioVersion = 10.0.40219.1
Project("{FAE04EC0-301F-11D3-BF4B-00C04F79EFBC}") = "zad1", "zad1\zad1.csproj", "{BBEFFB35-55FA-41F3-ACB9-187E8505F2FE}"
EndProject
Project("{FAE04EC0-301F-11D3-BF4B-00C04F79EFBC}") = "zad2", "zad2\zad2.csproj", "{3629408E-E9BC-431C-A95F-BA7887CBCC71}"
EndProject
Global
	GlobalSection(SolutionConfigurationPlatforms) = preSolution
		Debug|Any CPU = Debug|Any CPU
		Release|Any CPU = Release|Any CPU
	EndGlobalSection
	GlobalSection(ProjectConfigurationPlatforms) = postSolution
		{BBEFFB35-55FA-41F3-ACB9-187E8505F2FE}.Debug|Any CPU.ActiveCfg = Debug|Any CPU
		{BBEFFB35-55FA-41F3-ACB9-187E8505F2FE}.Debug|Any CPU.Build.0 = Debug|Any CPU
		{BBEFFB35-55FA-41F3-ACB9-187E8505F2FE}.Release|Any CPU.ActiveCfg = Release|Any CPU
		{BBEFFB35-55FA-41F3-ACB9-187E8505F2FE}.Release|Any CPU.Build.0 = Release|Any CPU
		{3629408E-E9BC-431C-A95F-BA7887CBCC71}.Debug|Any CPU.ActiveCfg = Debug|Any CPU
		{3629408E-E9BC-431C-A95F-BA7887CBCC71}.Debug|Any CPU.Build.0 = Debug|Any CPU
		{3629408E-E9BC-431C-A95F-BA7887CBCC71}.Release|Any CPU.ActiveCfg = Release|Any CPU
		{3629408E-E9BC-431C-A95F-BA7887CBCC71}.Release|Any CPU.Build.0 = Release|Any CPU
	EndGlobalSection
	GlobalSection(SolutionProperties) = preSolution
		HideSolutionNode = FALSE
	EndGlobalSection
	GlobalSection(ExtensibilityGlobals) = postSolution
		SolutionGuid = {D0A046F4-BC26-4E03-87C5-67F7C3E83DEE}
	EndGlobalSection
EndGlobal
