
Microsoft Visual Studio Solution File, Format Version 12.00
# Visual Studio Version 16
VisualStudioVersion = 16.0.30621.155
MinimumVisualStudioVersion = 10.0.40219.1
Project("{FAE04EC0-301F-11D3-BF4B-00C04F79EFBC}") = "04-1", "04-1\04-1.csproj", "{9C448A5C-F5AB-42F2-84D1-21EC54EE7C30}"
EndProject
Global
	GlobalSection(SolutionConfigurationPlatforms) = preSolution
		Debug|Any CPU = Debug|Any CPU
		Release|Any CPU = Release|Any CPU
	EndGlobalSection
	GlobalSection(ProjectConfigurationPlatforms) = postSolution
		{9C448A5C-F5AB-42F2-84D1-21EC54EE7C30}.Debug|Any CPU.ActiveCfg = Debug|Any CPU
		{9C448A5C-F5AB-42F2-84D1-21EC54EE7C30}.Debug|Any CPU.Build.0 = Debug|Any CPU
		{9C448A5C-F5AB-42F2-84D1-21EC54EE7C30}.Release|Any CPU.ActiveCfg = Release|Any CPU
		{9C448A5C-F5AB-42F2-84D1-21EC54EE7C30}.Release|Any CPU.Build.0 = Release|Any CPU
	EndGlobalSection
	GlobalSection(SolutionProperties) = preSolution
		HideSolutionNode = FALSE
	EndGlobalSection
	GlobalSection(ExtensibilityGlobals) = postSolution
		SolutionGuid = {A3A59EA4-3E1D-44E1-9D33-B3AD3485A9F3}
	EndGlobalSection
EndGlobal
