
Microsoft Visual Studio Solution File, Format Version 12.00
# Visual Studio Version 16
VisualStudioVersion = 16.0.30621.155
MinimumVisualStudioVersion = 10.0.40219.1
Project("{FAE04EC0-301F-11D3-BF4B-00C04F79EFBC}") = "zad4", "zad4\zad4.csproj", "{F96E0CF1-4048-4317-AE6A-63FCE7EFD265}"
EndProject
Global
	GlobalSection(SolutionConfigurationPlatforms) = preSolution
		Debug|Any CPU = Debug|Any CPU
		Release|Any CPU = Release|Any CPU
	EndGlobalSection
	GlobalSection(ProjectConfigurationPlatforms) = postSolution
		{F96E0CF1-4048-4317-AE6A-63FCE7EFD265}.Debug|Any CPU.ActiveCfg = Debug|Any CPU
		{F96E0CF1-4048-4317-AE6A-63FCE7EFD265}.Debug|Any CPU.Build.0 = Debug|Any CPU
		{F96E0CF1-4048-4317-AE6A-63FCE7EFD265}.Release|Any CPU.ActiveCfg = Release|Any CPU
		{F96E0CF1-4048-4317-AE6A-63FCE7EFD265}.Release|Any CPU.Build.0 = Release|Any CPU
	EndGlobalSection
	GlobalSection(SolutionProperties) = preSolution
		HideSolutionNode = FALSE
	EndGlobalSection
	GlobalSection(ExtensibilityGlobals) = postSolution
		SolutionGuid = {CAE9F648-4E2C-46DF-8B15-8CD3247B7D3D}
	EndGlobalSection
EndGlobal
